
Microsoft Visual Studio Solution File, Format Version 12.00
# Visual Studio Version 16
VisualStudioVersion = 16.0.30002.166
MinimumVisualStudioVersion = 10.0.40219.1
Project("{8BC9CEB8-8B4A-11D0-8D11-00A0C91BC942}") = "LuaConsole", "LuaConsole\LuaConsole.vcxproj", "{99BCA41E-8A48-4C78-9FDC-029B7E41A83B}"
EndProject
Project("{8BC9CEB8-8B4A-11D0-8D11-00A0C91BC942}") = "LuaDLL", "LuaDLL\LuaDLL.vcxproj", "{A4B1CEB0-9DD5-4FB4-83BC-80A18AB6A92E}"
EndProject
Global
	GlobalSection(SolutionConfigurationPlatforms) = preSolution
		Debug|x64 = Debug|x64
		Debug|x86 = Debug|x86
		Release|x64 = Release|x64
		Release|x86 = Release|x86
	EndGlobalSection
	GlobalSection(ProjectConfigurationPlatforms) = postSolution
		{99BCA41E-8A48-4C78-9FDC-029B7E41A83B}.Debug|x64.ActiveCfg = Debug|x64
		{99BCA41E-8A48-4C78-9FDC-029B7E41A83B}.Debug|x64.Build.0 = Debug|x64
		{99BCA41E-8A48-4C78-9FDC-029B7E41A83B}.Debug|x86.ActiveCfg = Debug|Win32
		{99BCA41E-8A48-4C78-9FDC-029B7E41A83B}.Debug|x86.Build.0 = Debug|Win32
		{99BCA41E-8A48-4C78-9FDC-029B7E41A83B}.Release|x64.ActiveCfg = Release|x64
		{99BCA41E-8A48-4C78-9FDC-029B7E41A83B}.Release|x64.Build.0 = Release|x64
		{99BCA41E-8A48-4C78-9FDC-029B7E41A83B}.Release|x86.ActiveCfg = Release|Win32
		{99BCA41E-8A48-4C78-9FDC-029B7E41A83B}.Release|x86.Build.0 = Release|Win32
		{A4B1CEB0-9DD5-4FB4-83BC-80A18AB6A92E}.Debug|x64.ActiveCfg = Debug|x64
		{A4B1CEB0-9DD5-4FB4-83BC-80A18AB6A92E}.Debug|x64.Build.0 = Debug|x64
		{A4B1CEB0-9DD5-4FB4-83BC-80A18AB6A92E}.Debug|x86.ActiveCfg = Debug|Win32
		{A4B1CEB0-9DD5-4FB4-83BC-80A18AB6A92E}.Debug|x86.Build.0 = Debug|Win32
		{A4B1CEB0-9DD5-4FB4-83BC-80A18AB6A92E}.Release|x64.ActiveCfg = Release|x64
		{A4B1CEB0-9DD5-4FB4-83BC-80A18AB6A92E}.Release|x64.Build.0 = Release|x64
		{A4B1CEB0-9DD5-4FB4-83BC-80A18AB6A92E}.Release|x86.ActiveCfg = Release|Win32
		{A4B1CEB0-9DD5-4FB4-83BC-80A18AB6A92E}.Release|x86.Build.0 = Release|Win32
	EndGlobalSection
	GlobalSection(SolutionProperties) = preSolution
		HideSolutionNode = FALSE
	EndGlobalSection
	GlobalSection(ExtensibilityGlobals) = postSolution
		SolutionGuid = {9C731F11-5918-498C-930D-CAA4212E7326}
	EndGlobalSection
EndGlobal
